
Microsoft Visual Studio Solution File, Format Version 12.00
# Visual Studio 15
VisualStudioVersion = 15.0.28307.329
MinimumVisualStudioVersion = 10.0.40219.1
Project("{8BC9CEB8-8B4A-11D0-8D11-00A0C91BC942}") = "Lua53", "Lua53.vcxproj", "{D4DC8C4B-C8AB-491D-B70F-AD56206D207A}"
EndProject
Global
	GlobalSection(SolutionConfigurationPlatforms) = preSolution
		Debug|x64 = Debug|x64
		Debug|x86 = Debug|x86
		Release|x64 = Release|x64
		Release|x86 = Release|x86
	EndGlobalSection
	GlobalSection(ProjectConfigurationPlatforms) = postSolution
		{D4DC8C4B-C8AB-491D-B70F-AD56206D207A}.Debug|x64.ActiveCfg = Debug|x64
		{D4DC8C4B-C8AB-491D-B70F-AD56206D207A}.Debug|x64.Build.0 = Debug|x64
		{D4DC8C4B-C8AB-491D-B70F-AD56206D207A}.Debug|x86.ActiveCfg = Debug|Win32
		{D4DC8C4B-C8AB-491D-B70F-AD56206D207A}.Debug|x86.Build.0 = Debug|Win32
		{D4DC8C4B-C8AB-491D-B70F-AD56206D207A}.Release|x64.ActiveCfg = Release|x64
		{D4DC8C4B-C8AB-491D-B70F-AD56206D207A}.Release|x64.Build.0 = Release|x64
		{D4DC8C4B-C8AB-491D-B70F-AD56206D207A}.Release|x86.ActiveCfg = Release|Win32
		{D4DC8C4B-C8AB-491D-B70F-AD56206D207A}.Release|x86.Build.0 = Release|Win32
	EndGlobalSection
	GlobalSection(SolutionProperties) = preSolution
		HideSolutionNode = FALSE
	EndGlobalSection
	GlobalSection(ExtensibilityGlobals) = postSolution
		SolutionGuid = {21FA1969-03E7-461D-8468-FE798CDD85F3}
	EndGlobalSection
EndGlobal
